# generated by rye
# use `rye lock` or `rye sync` to update this lockfile
#
# last locked with the following flags:
#   pre: false
#   features: []
#   all-features: false
#   with-sources: false
#   generate-hashes: false
#   universal: false

-e file:.
annotated-types==0.7.0
    # via pydantic
anyio==4.9.0
    # via starlette
cffi==1.17.1
    # via kociemba
click==8.2.1
    # via uvicorn
fastapi==0.109.0
    # via cube-solver-3d
future==1.0.0
    # via kociemba
h11==0.16.0
    # via uvicorn
idna==3.10
    # via anyio
kociemba==1.2.1
    # via cube-solver-3d
numpy==1.26.3
    # via cube-solver-3d
pycparser==2.22
    # via cffi
pydantic==2.5.3
    # via cube-solver-3d
    # via fastapi
pydantic-core==2.14.6
    # via pydantic
python-multipart==0.0.22
    # via cube-solver-3d
sniffio==1.3.1
    # via anyio
starlette==0.35.1
    # via fastapi
typing-extensions==4.14.0
    # via anyio
    # via fastapi
    # via pydantic
    # via pydantic-core
uvicorn==0.27.0
    # via cube-solver-3d
